// !$*UTF8*$!
{
	archiveVersion = 1;
	classes = {
	};
	objectVersion = 52;
	objects = {

/* Begin PBXBuildFile section */
		BA0C06C0262C368E00C9CD7E /* MarvelApp.swift in Sources */ = {isa = PBXBuildFile; fileRef = BA0C06BF262C368E00C9CD7E /* MarvelApp.swift */; };
		BA0C06C2262C368E00C9CD7E /* ContentView.swift in Sources */ = {isa = PBXBuildFile; fileRef = BA0C06C1262C368E00C9CD7E /* ContentView.swift */; };
		BA0C06C4262C368F00C9CD7E /* Assets.xcassets in Resources */ = {isa = PBXBuildFile; fileRef = BA0C06C3262C368F00C9CD7E /* Assets.xcassets */; };
		BA0C06C7262C368F00C9CD7E /* Preview Assets.xcassets in Resources */ = {isa = PBXBuildFile; fileRef = BA0C06C6262C368F00C9CD7E /* Preview Assets.xcassets */; };
		BA0C06D1262C37E600C9CD7E /* SDWebImageSwiftUI in Frameworks */ = {isa = PBXBuildFile; productRef = BA0C06D0262C37E600C9CD7E /* SDWebImageSwiftUI */; };
		BA0C06D4262C392F00C9CD7E /* Home.swift in Sources */ = {isa = PBXBuildFile; fileRef = BA0C06D3262C392F00C9CD7E /* Home.swift */; };
		BA0C06D7262C3B2C00C9CD7E /* HomeViewModel.swift in Sources */ = {isa = PBXBuildFile; fileRef = BA0C06D6262C3B2C00C9CD7E /* HomeViewModel.swift */; };
		BA0C06DA262C3C5B00C9CD7E /* CharactersView.swift in Sources */ = {isa = PBXBuildFile; fileRef = BA0C06D9262C3C5B00C9CD7E /* CharactersView.swift */; };
		BA0C06DD262C480600C9CD7E /* Character.swift in Sources */ = {isa = PBXBuildFile; fileRef = BA0C06DC262C480600C9CD7E /* Character.swift */; };
		BA0C06E0262C48B900C9CD7E /* Credential.swift in Sources */ = {isa = PBXBuildFile; fileRef = BA0C06DF262C48B900C9CD7E /* Credential.swift */; };
		BA0C06E3262C5FF100C9CD7E /* WebView.swift in Sources */ = {isa = PBXBuildFile; fileRef = BA0C06E2262C5FF100C9CD7E /* WebView.swift */; };
/* End PBXBuildFile section */

/* Begin PBXFileReference section */
		BA0C06BC262C368E00C9CD7E /* Marvel.app */ = {isa = PBXFileReference; explicitFileType = wrapper.application; includeInIndex = 0; path = Marvel.app; sourceTree = BUILT_PRODUCTS_DIR; };
		BA0C06BF262C368E00C9CD7E /* MarvelApp.swift */ = {isa = PBXFileReference; lastKnownFileType = sourcecode.swift; path = MarvelApp.swift; sourceTree = "<group>"; };
		BA0C06C1262C368E00C9CD7E /* ContentView.swift */ = {isa = PBXFileReference; lastKnownFileType = sourcecode.swift; path = ContentView.swift; sourceTree = "<group>"; };
		BA0C06C3262C368F00C9CD7E /* Assets.xcassets */ = {isa = PBXFileReference; lastKnownFileType = folder.assetcatalog; path = Assets.xcassets; sourceTree = "<group>"; };
		BA0C06C6262C368F00C9CD7E /* Preview Assets.xcassets */ = {isa = PBXFileReference; lastKnownFileType = folder.assetcatalog; path = "Preview Assets.xcassets"; sourceTree = "<group>"; };
		BA0C06C8262C368F00C9CD7E /* Info.plist */ = {isa = PBXFileReference; lastKnownFileType = text.plist.xml; path = Info.plist; sourceTree = "<group>"; };
		BA0C06D3262C392F00C9CD7E /* Home.swift */ = {isa = PBXFileReference; lastKnownFileType = sourcecode.swift; path = Home.swift; sourceTree = "<group>"; };
		BA0C06D6262C3B2C00C9CD7E /* HomeViewModel.swift */ = {isa = PBXFileReference; lastKnownFileType = sourcecode.swift; path = HomeViewModel.swift; sourceTree = "<group>"; };
		BA0C06D9262C3C5B00C9CD7E /* CharactersView.swift */ = {isa = PBXFileReference; lastKnownFileType = sourcecode.swift; path = CharactersView.swift; sourceTree = "<group>"; };
		BA0C06DC262C480600C9CD7E /* Character.swift */ = {isa = PBXFileReference; lastKnownFileType = sourcecode.swift; path = Character.swift; sourceTree = "<group>"; };
		BA0C06DF262C48B900C9CD7E /* Credential.swift */ = {isa = PBXFileReference; lastKnownFileType = sourcecode.swift; path = Credential.swift; sourceTree = "<group>"; };
		BA0C06E2262C5FF100C9CD7E /* WebView.swift */ = {isa = PBXFileReference; lastKnownFileType = sourcecode.swift; path = WebView.swift; sourceTree = "<group>"; };
/* End PBXFileReference section */

/* Begin PBXFrameworksBuildPhase section */
		BA0C06B9262C368E00C9CD7E /* Frameworks */ = {
			isa = PBXFrameworksBuildPhase;
			buildActionMask = 2147483647;
			files = (
				BA0C06D1262C37E600C9CD7E /* SDWebImageSwiftUI in Frameworks */,
			);
			runOnlyForDeploymentPostprocessing = 0;
		};
/* End PBXFrameworksBuildPhase section */

/* Begin PBXGroup section */
		BA0C06B3262C368E00C9CD7E = {
			isa = PBXGroup;
			children = (
				BA0C06BE262C368E00C9CD7E /* Marvel */,
				BA0C06BD262C368E00C9CD7E /* Products */,
			);
			sourceTree = "<group>";
		};
		BA0C06BD262C368E00C9CD7E /* Products */ = {
			isa = PBXGroup;
			children = (
				BA0C06BC262C368E00C9CD7E /* Marvel.app */,
			);
			name = Products;
			sourceTree = "<group>";
		};
		BA0C06BE262C368E00C9CD7E /* Marvel */ = {
			isa = PBXGroup;
			children = (
				BA0C06BF262C368E00C9CD7E /* MarvelApp.swift */,
				BA0C06C1262C368E00C9CD7E /* ContentView.swift */,
				BA0C06D3262C392F00C9CD7E /* Home.swift */,
				BA0C06D9262C3C5B00C9CD7E /* CharactersView.swift */,
				BA0C06DC262C480600C9CD7E /* Character.swift */,
				BA0C06E2262C5FF100C9CD7E /* WebView.swift */,
				BA0C06D6262C3B2C00C9CD7E /* HomeViewModel.swift */,
				BA0C06DF262C48B900C9CD7E /* Credential.swift */,
				BA0C06C3262C368F00C9CD7E /* Assets.xcassets */,
				BA0C06C8262C368F00C9CD7E /* Info.plist */,
				BA0C06C5262C368F00C9CD7E /* Preview Content */,
			);
			path = Marvel;
			sourceTree = "<group>";
		};
		BA0C06C5262C368F00C9CD7E /* Preview Content */ = {
			isa = PBXGroup;
			children = (
				BA0C06C6262C368F00C9CD7E /* Preview Assets.xcassets */,
			);
			path = "Preview Content";
			sourceTree = "<group>";
		};
/* End PBXGroup section */

/* Begin PBXNativeTarget section */
		BA0C06BB262C368E00C9CD7E /* Marvel */ = {
			isa = PBXNativeTarget;
			buildConfigurationList = BA0C06CB262C368F00C9CD7E /* Build configuration list for PBXNativeTarget "Marvel" */;
			buildPhases = (
				BA0C06B8262C368E00C9CD7E /* Sources */,
				BA0C06B9262C368E00C9CD7E /* Frameworks */,
				BA0C06BA262C368E00C9CD7E /* Resources */,
			);
			buildRules = (
			);
			dependencies = (
			);
			name = Marvel;
			packageProductDependencies = (
				BA0C06D0262C37E600C9CD7E /* SDWebImageSwiftUI */,
			);
			productName = Marvel;
			productReference = BA0C06BC262C368E00C9CD7E /* Marvel.app */;
			productType = "com.apple.product-type.application";
		};
/* End PBXNativeTarget section */

/* Begin PBXProject section */
		BA0C06B4262C368E00C9CD7E /* Project object */ = {
			isa = PBXProject;
			attributes = {
				LastSwiftUpdateCheck = 1240;
				LastUpgradeCheck = 1240;
				TargetAttributes = {
					BA0C06BB262C368E00C9CD7E = {
						CreatedOnToolsVersion = 12.4;
					};
				};
			};
			buildConfigurationList = BA0C06B7262C368E00C9CD7E /* Build configuration list for PBXProject "Marvel" */;
			compatibilityVersion = "Xcode 9.3";
			developmentRegion = en;
			hasScannedForEncodings = 0;
			knownRegions = (
				en,
				Base,
			);
			mainGroup = BA0C06B3262C368E00C9CD7E;
			packageReferences = (
				BA0C06CF262C37E600C9CD7E /* XCRemoteSwiftPackageReference "SDWebImageSwiftUI" */,
			);
			productRefGroup = BA0C06BD262C368E00C9CD7E /* Products */;
			projectDirPath = "";
			projectRoot = "";
			targets = (
				BA0C06BB262C368E00C9CD7E /* Marvel */,
			);
		};
/* End PBXProject section */

/* Begin PBXResourcesBuildPhase section */
		BA0C06BA262C368E00C9CD7E /* Resources */ = {
			isa = PBXResourcesBuildPhase;
			buildActionMask = 2147483647;
			files = (
				BA0C06C7262C368F00C9CD7E /* Preview Assets.xcassets in Resources */,
				BA0C06C4262C368F00C9CD7E /* Assets.xcassets in Resources */,
			);
			runOnlyForDeploymentPostprocessing = 0;
		};
/* End PBXResourcesBuildPhase section */

/* Begin PBXSourcesBuildPhase section */
		BA0C06B8262C368E00C9CD7E /* Sources */ = {
			isa = PBXSourcesBuildPhase;
			buildActionMask = 2147483647;
			files = (
				BA0C06C2262C368E00C9CD7E /* ContentView.swift in Sources */,
				BA0C06E3262C5FF100C9CD7E /* WebView.swift in Sources */,
				BA0C06E0262C48B900C9CD7E /* Credential.swift in Sources */,
				BA0C06DA262C3C5B00C9CD7E /* CharactersView.swift in Sources */,
				BA0C06D4262C392F00C9CD7E /* Home.swift in Sources */,
				BA0C06DD262C480600C9CD7E /* Character.swift in Sources */,
				BA0C06C0262C368E00C9CD7E /* MarvelApp.swift in Sources */,
				BA0C06D7262C3B2C00C9CD7E /* HomeViewModel.swift in Sources */,
			);
			runOnlyForDeploymentPostprocessing = 0;
		};
/* End PBXSourcesBuildPhase section */

/* Begin XCBuildConfiguration section */
		BA0C06C9262C368F00C9CD7E /* Debug */ = {
			isa = XCBuildConfiguration;
			buildSettings = {
				ALWAYS_SEARCH_USER_PATHS = NO;
				CLANG_ANALYZER_NONNULL = YES;
				CLANG_ANALYZER_NUMBER_OBJECT_CONVERSION = YES_AGGRESSIVE;
				CLANG_CXX_LANGUAGE_STANDARD = "gnu++14";
				CLANG_CXX_LIBRARY = "libc++";
				CLANG_ENABLE_MODULES = YES;
				CLANG_ENABLE_OBJC_ARC = YES;
				CLANG_ENABLE_OBJC_WEAK = YES;
				CLANG_WARN_BLOCK_CAPTURE_AUTORELEASING = YES;
				CLANG_WARN_BOOL_CONVERSION = YES;
				CLANG_WARN_COMMA = YES;
				CLANG_WARN_CONSTANT_CONVERSION = YES;
				CLANG_WARN_DEPRECATED_OBJC_IMPLEMENTATIONS = YES;
				CLANG_WARN_DIRECT_OBJC_ISA_USAGE = YES_ERROR;
				CLANG_WARN_DOCUMENTATION_COMMENTS = YES;
				CLANG_WARN_EMPTY_BODY = YES;
				CLANG_WARN_ENUM_CONVERSION = YES;
				CLANG_WARN_INFINITE_RECURSION = YES;
				CLANG_WARN_INT_CONVERSION = YES;
				CLANG_WARN_NON_LITERAL_NULL_CONVERSION = YES;
				CLANG_WARN_OBJC_IMPLICIT_RETAIN_SELF = YES;
				CLANG_WARN_OBJC_LITERAL_CONVERSION = YES;
				CLANG_WARN_OBJC_ROOT_CLASS = YES_ERROR;
				CLANG_WARN_QUOTED_INCLUDE_IN_FRAMEWORK_HEADER = YES;
				CLANG_WARN_RANGE_LOOP_ANALYSIS = YES;
				CLANG_WARN_STRICT_PROTOTYPES = YES;
				CLANG_WARN_SUSPICIOUS_MOVE = YES;
				CLANG_WARN_UNGUARDED_AVAILABILITY = YES_AGGRESSIVE;
				CLANG_WARN_UNREACHABLE_CODE = YES;
				CLANG_WARN__DUPLICATE_METHOD_MATCH = YES;
				COPY_PHASE_STRIP = NO;
				DEBUG_INFORMATION_FORMAT = dwarf;
				ENABLE_STRICT_OBJC_MSGSEND = YES;
				ENABLE_TESTABILITY = YES;
				GCC_C_LANGUAGE_STANDARD = gnu11;
				GCC_DYNAMIC_NO_PIC = NO;
				GCC_NO_COMMON_BLOCKS = YES;
				GCC_OPTIMIZATION_LEVEL = 0;
				GCC_PREPROCESSOR_DEFINITIONS = (
					"DEBUG=1",
					"$(inherited)",
				);
				GCC_WARN_64_TO_32_BIT_CONVERSION = YES;
				GCC_WARN_ABOUT_RETURN_TYPE = YES_ERROR;
				GCC_WARN_UNDECLARED_SELECTOR = YES;
				GCC_WARN_UNINITIALIZED_AUTOS = YES_AGGRESSIVE;
				GCC_WARN_UNUSED_FUNCTION = YES;
				GCC_WARN_UNUSED_VARIABLE = YES;
				IPHONEOS_DEPLOYMENT_TARGET = 14.4;
				MTL_ENABLE_DEBUG_INFO = INCLUDE_SOURCE;
				MTL_FAST_MATH = YES;
				ONLY_ACTIVE_ARCH = YES;
				SDKROOT = iphoneos;
				SWIFT_ACTIVE_COMPILATION_CONDITIONS = DEBUG;
				SWIFT_OPTIMIZATION_LEVEL = "-Onone";
			};
			name = Debug;
		};
		BA0C06CA262C368F00C9CD7E /* Release */ = {
			isa = XCBuildConfiguration;
			buildSettings = {
				ALWAYS_SEARCH_USER_PATHS = NO;
				CLANG_ANALYZER_NONNULL = YES;
				CLANG_ANALYZER_NUMBER_OBJECT_CONVERSION = YES_AGGRESSIVE;
				CLANG_CXX_LANGUAGE_STANDARD = "gnu++14";
				CLANG_CXX_LIBRARY = "libc++";
				CLANG_ENABLE_MODULES = YES;
				CLANG_ENABLE_OBJC_ARC = YES;
				CLANG_ENABLE_OBJC_WEAK = YES;
				CLANG_WARN_BLOCK_CAPTURE_AUTORELEASING = YES;
				CLANG_WARN_BOOL_CONVERSION = YES;
				CLANG_WARN_COMMA = YES;
				CLANG_WARN_CONSTANT_CONVERSION = YES;
				CLANG_WARN_DEPRECATED_OBJC_IMPLEMENTATIONS = YES;
				CLANG_WARN_DIRECT_OBJC_ISA_USAGE = YES_ERROR;
				CLANG_WARN_DOCUMENTATION_COMMENTS = YES;
				CLANG_WARN_EMPTY_BODY = YES;
				CLANG_WARN_ENUM_CONVERSION = YES;
				CLANG_WARN_INFINITE_RECURSION = YES;
				CLANG_WARN_INT_CONVERSION = YES;
				CLANG_WARN_NON_LITERAL_NULL_CONVERSION = YES;
				CLANG_WARN_OBJC_IMPLICIT_RETAIN_SELF = YES;
				CLANG_WARN_OBJC_LITERAL_CONVERSION = YES;
				CLANG_WARN_OBJC_ROOT_CLASS = YES_ERROR;
				CLANG_WARN_QUOTED_INCLUDE_IN_FRAMEWORK_HEADER = YES;
				CLANG_WARN_RANGE_LOOP_ANALYSIS = YES;
				CLANG_WARN_STRICT_PROTOTYPES = YES;
				CLANG_WARN_SUSPICIOUS_MOVE = YES;
				CLANG_WARN_UNGUARDED_AVAILABILITY = YES_AGGRESSIVE;
				CLANG_WARN_UNREACHABLE_CODE = YES;
				CLANG_WARN__DUPLICATE_METHOD_MATCH = YES;
				COPY_PHASE_STRIP = NO;
				DEBUG_INFORMATION_FORMAT = "dwarf-with-dsym";
				ENABLE_NS_ASSERTIONS = NO;
				ENABLE_STRICT_OBJC_MSGSEND = YES;
				GCC_C_LANGUAGE_STANDARD = gnu11;
				GCC_NO_COMMON_BLOCKS = YES;
				GCC_WARN_64_TO_32_BIT_CONVERSION = YES;
				GCC_WARN_ABOUT_RETURN_TYPE = YES_ERROR;
				GCC_WARN_UNDECLARED_SELECTOR = YES;
				GCC_WARN_UNINITIALIZED_AUTOS = YES_AGGRESSIVE;
				GCC_WARN_UNUSED_FUNCTION = YES;
				GCC_WARN_UNUSED_VARIABLE = YES;
				IPHONEOS_DEPLOYMENT_TARGET = 14.4;
				MTL_ENABLE_DEBUG_INFO = NO;
				MTL_FAST_MATH = YES;
				SDKROOT = iphoneos;
				SWIFT_COMPILATION_MODE = wholemodule;
				SWIFT_OPTIMIZATION_LEVEL = "-O";
				VALIDATE_PRODUCT = YES;
			};
			name = Release;
		};
		BA0C06CC262C368F00C9CD7E /* Debug */ = {
			isa = XCBuildConfiguration;
			buildSettings = {
				ASSETCATALOG_COMPILER_APPICON_NAME = AppIcon;
				ASSETCATALOG_COMPILER_GLOBAL_ACCENT_COLOR_NAME = AccentColor;
				CODE_SIGN_STYLE = Automatic;
				DEVELOPMENT_ASSET_PATHS = "\"Marvel/Preview Content\"";
				ENABLE_PREVIEWS = YES;
				INFOPLIST_FILE = Marvel/Info.plist;
				IPHONEOS_DEPLOYMENT_TARGET = 14.0;
				LD_RUNPATH_SEARCH_PATHS = (
					"$(inherited)",
					"@executable_path/Frameworks",
				);
				PRODUCT_BUNDLE_IDENTIFIER = com.pond.Marvel;
				PRODUCT_NAME = "$(TARGET_NAME)";
				SWIFT_VERSION = 5.0;
				TARGETED_DEVICE_FAMILY = "1,2";
			};
			name = Debug;
		};
		BA0C06CD262C368F00C9CD7E /* Release */ = {
			isa = XCBuildConfiguration;
			buildSettings = {
				ASSETCATALOG_COMPILER_APPICON_NAME = AppIcon;
				ASSETCATALOG_COMPILER_GLOBAL_ACCENT_COLOR_NAME = AccentColor;
				CODE_SIGN_STYLE = Automatic;
				DEVELOPMENT_ASSET_PATHS = "\"Marvel/Preview Content\"";
				ENABLE_PREVIEWS = YES;
				INFOPLIST_FILE = Marvel/Info.plist;
				IPHONEOS_DEPLOYMENT_TARGET = 14.0;
				LD_RUNPATH_SEARCH_PATHS = (
					"$(inherited)",
					"@executable_path/Frameworks",
				);
				PRODUCT_BUNDLE_IDENTIFIER = com.pond.Marvel;
				PRODUCT_NAME = "$(TARGET_NAME)";
				SWIFT_VERSION = 5.0;
				TARGETED_DEVICE_FAMILY = "1,2";
			};
			name = Release;
		};
/* End XCBuildConfiguration section */

/* Begin XCConfigurationList section */
		BA0C06B7262C368E00C9CD7E /* Build configuration list for PBXProject "Marvel" */ = {
			isa = XCConfigurationList;
			buildConfigurations = (
				BA0C06C9262C368F00C9CD7E /* Debug */,
				BA0C06CA262C368F00C9CD7E /* Release */,
			);
			defaultConfigurationIsVisible = 0;
			defaultConfigurationName = Release;
		};
		BA0C06CB262C368F00C9CD7E /* Build configuration list for PBXNativeTarget "Marvel" */ = {
			isa = XCConfigurationList;
			buildConfigurations = (
				BA0C06CC262C368F00C9CD7E /* Debug */,
				BA0C06CD262C368F00C9CD7E /* Release */,
			);
			defaultConfigurationIsVisible = 0;
			defaultConfigurationName = Release;
		};
/* End XCConfigurationList section */

/* Begin XCRemoteSwiftPackageReference section */
		BA0C06CF262C37E600C9CD7E /* XCRemoteSwiftPackageReference "SDWebImageSwiftUI" */ = {
			isa = XCRemoteSwiftPackageReference;
			repositoryURL = "https://github.com/SDWebImage/SDWebImageSwiftUI.git";
			requirement = {
				kind = upToNextMajorVersion;
				minimumVersion = 2.0.2;
			};
		};
/* End XCRemoteSwiftPackageReference section */

/* Begin XCSwiftPackageProductDependency section */
		BA0C06D0262C37E600C9CD7E /* SDWebImageSwiftUI */ = {
			isa = XCSwiftPackageProductDependency;
			package = BA0C06CF262C37E600C9CD7E /* XCRemoteSwiftPackageReference "SDWebImageSwiftUI" */;
			productName = SDWebImageSwiftUI;
		};
/* End XCSwiftPackageProductDependency section */
	};
	rootObject = BA0C06B4262C368E00C9CD7E /* Project object */;
}
